
Microsoft Visual Studio Solution File, Format Version 12.00
# Visual Studio Version 17
VisualStudioVersion = 17.14.37614.0 d17.14
MinimumVisualStudioVersion = 10.0.40219.1
Project("{8BC9CEB8-8B4A-11D0-8D11-00A0C91BC942}") = "Core", "Engine\Source\Runtime\Core\Core.vcxproj", "{0F3D82BC-2DED-4F0B-AA09-CF0295F40EE2}"
EndProject
Project("{8BC9CEB8-8B4A-11D0-8D11-00A0C91BC942}") = "RHI", "Engine\Source\Runtime\RHI\RHI.vcxproj", "{15A5DD82-4EBA-4E2B-A9E8-5E7475B966EA}"
EndProject
Project("{8BC9CEB8-8B4A-11D0-8D11-00A0C91BC942}") = "D3D11RHI", "Engine\Source\Runtime\D3D11RHI\D3D11RHI.vcxproj", "{CAE8463B-D408-438F-A5DF-0FBDC1F20DC9}"
EndProject
Project("{8BC9CEB8-8B4A-11D0-8D11-00A0C91BC942}") = "RenderCore", "Engine\Source\Runtime\RenderCore\RenderCore.vcxproj", "{626FA4D3-8197-4ECB-BD59-6BB25CE9411E}"
EndProject
Project("{8BC9CEB8-8B4A-11D0-8D11-00A0C91BC942}") = "Engine", "Engine\Source\Runtime\Engine\Engine.vcxproj", "{0E152B9E-D1EB-42D5-B3A0-F207099DB804}"
EndProject
Project("{8BC9CEB8-8B4A-11D0-8D11-00A0C91BC942}") = "Launch", "Engine\Source\Runtime\Launch\Launch.vcxproj", "{F5E03B38-18CD-4B12-AD0E-3485D70954A1}"
EndProject
Project("{8BC9CEB8-8B4A-11D0-8D11-00A0C91BC942}") = "CoreUObject", "Engine\Source\Runtime\CoreUObject\CoreUObject.vcxproj", "{FE780381-E9B9-400B-AF54-8E257A8E22FE}"
EndProject
Project("{8BC9CEB8-8B4A-11D0-8D11-00A0C91BC942}") = "ApplicationCore", "Engine\Source\Runtime\ApplicationCore\ApplicationCore.vcxproj", "{C2DB9453-4BE1-49C7-95A3-7D099B7EBAC4}"
EndProject
Project("{8BC9CEB8-8B4A-11D0-8D11-00A0C91BC942}") = "Renderer", "Engine\Source\Runtime\Renderer\Renderer.vcxproj", "{BEE58124-14B1-41D8-8ACD-C673D8DFEDDC}"
EndProject
Project("{2150E333-8FDC-42A3-9474-1A3956D46DE8}") = "Runtime", "Runtime", "{C8D5274F-AC00-46C7-1F8D-E88E81087A52}"
EndProject
Project("{2150E333-8FDC-42A3-9474-1A3956D46DE8}") = "Editor", "Editor", "{AFCB51E2-6AEC-4013-BF0B-92055A59163A}"
EndProject
Project("{8BC9CEB8-8B4A-11D0-8D11-00A0C91BC942}") = "EngineEd", "Engine\Source\Editor\EngineEditor\EngineEditor.vcxproj", "{91595F01-2C42-4E8A-BC6F-888FF5E784F8}"
EndProject
Project("{2150E333-8FDC-42A3-9474-1A3956D46DE8}") = "Programs", "Programs", "{A9027DAD-FFC8-4D0A-AF92-4FB5925BA297}"
EndProject
Project("{8BC9CEB8-8B4A-11D0-8D11-00A0C91BC942}") = "CustomEngineEditor", "Engine\Source\Programs\CustomEngineEditor\CustomEngineEditor.vcxproj", "{FAE6FF29-BEB4-455F-9062-A9DE54FA77F9}"
EndProject
Global
	GlobalSection(SolutionConfigurationPlatforms) = preSolution
		Debug|x64 = Debug|x64
		Debug|x86 = Debug|x86
		Release|x64 = Release|x64
		Release|x86 = Release|x86
	EndGlobalSection
	GlobalSection(ProjectConfigurationPlatforms) = postSolution
		{0F3D82BC-2DED-4F0B-AA09-CF0295F40EE2}.Debug|x64.ActiveCfg = Debug|x64
		{0F3D82BC-2DED-4F0B-AA09-CF0295F40EE2}.Debug|x64.Build.0 = Debug|x64
		{0F3D82BC-2DED-4F0B-AA09-CF0295F40EE2}.Debug|x86.ActiveCfg = Debug|Win32
		{0F3D82BC-2DED-4F0B-AA09-CF0295F40EE2}.Debug|x86.Build.0 = Debug|Win32
		{0F3D82BC-2DED-4F0B-AA09-CF0295F40EE2}.Release|x64.ActiveCfg = Release|x64
		{0F3D82BC-2DED-4F0B-AA09-CF0295F40EE2}.Release|x64.Build.0 = Release|x64
		{0F3D82BC-2DED-4F0B-AA09-CF0295F40EE2}.Release|x86.ActiveCfg = Release|Win32
		{0F3D82BC-2DED-4F0B-AA09-CF0295F40EE2}.Release|x86.Build.0 = Release|Win32
		{15A5DD82-4EBA-4E2B-A9E8-5E7475B966EA}.Debug|x64.ActiveCfg = Debug|x64
		{15A5DD82-4EBA-4E2B-A9E8-5E7475B966EA}.Debug|x64.Build.0 = Debug|x64
		{15A5DD82-4EBA-4E2B-A9E8-5E7475B966EA}.Debug|x86.ActiveCfg = Debug|Win32
		{15A5DD82-4EBA-4E2B-A9E8-5E7475B966EA}.Debug|x86.Build.0 = Debug|Win32
		{15A5DD82-4EBA-4E2B-A9E8-5E7475B966EA}.Release|x64.ActiveCfg = Release|x64
		{15A5DD82-4EBA-4E2B-A9E8-5E7475B966EA}.Release|x64.Build.0 = Release|x64
		{15A5DD82-4EBA-4E2B-A9E8-5E7475B966EA}.Release|x86.ActiveCfg = Release|Win32
		{15A5DD82-4EBA-4E2B-A9E8-5E7475B966EA}.Release|x86.Build.0 = Release|Win32
		{CAE8463B-D408-438F-A5DF-0FBDC1F20DC9}.Debug|x64.ActiveCfg = Debug|x64
		{CAE8463B-D408-438F-A5DF-0FBDC1F20DC9}.Debug|x64.Build.0 = Debug|x64
		{CAE8463B-D408-438F-A5DF-0FBDC1F20DC9}.Debug|x86.ActiveCfg = Debug|Win32
		{CAE8463B-D408-438F-A5DF-0FBDC1F20DC9}.Debug|x86.Build.0 = Debug|Win32
		{CAE8463B-D408-438F-A5DF-0FBDC1F20DC9}.Release|x64.ActiveCfg = Release|x64
		{CAE8463B-D408-438F-A5DF-0FBDC1F20DC9}.Release|x64.Build.0 = Release|x64
		{CAE8463B-D408-438F-A5DF-0FBDC1F20DC9}.Release|x86.ActiveCfg = Release|Win32
		{CAE8463B-D408-438F-A5DF-0FBDC1F20DC9}.Release|x86.Build.0 = Release|Win32
		{626FA4D3-8197-4ECB-BD59-6BB25CE9411E}.Debug|x64.ActiveCfg = Debug|x64
		{626FA4D3-8197-4ECB-BD59-6BB25CE9411E}.Debug|x64.Build.0 = Debug|x64
		{626FA4D3-8197-4ECB-BD59-6BB25CE9411E}.Debug|x86.ActiveCfg = Debug|Win32
		{626FA4D3-8197-4ECB-BD59-6BB25CE9411E}.Debug|x86.Build.0 = Debug|Win32
		{626FA4D3-8197-4ECB-BD59-6BB25CE9411E}.Release|x64.ActiveCfg = Release|x64
		{626FA4D3-8197-4ECB-BD59-6BB25CE9411E}.Release|x64.Build.0 = Release|x64
		{626FA4D3-8197-4ECB-BD59-6BB25CE9411E}.Release|x86.ActiveCfg = Release|Win32
		{626FA4D3-8197-4ECB-BD59-6BB25CE9411E}.Release|x86.Build.0 = Release|Win32
		{0E152B9E-D1EB-42D5-B3A0-F207099DB804}.Debug|x64.ActiveCfg = Debug|x64
		{0E152B9E-D1EB-42D5-B3A0-F207099DB804}.Debug|x64.Build.0 = Debug|x64
		{0E152B9E-D1EB-42D5-B3A0-F207099DB804}.Debug|x86.ActiveCfg = Debug|Win32
		{0E152B9E-D1EB-42D5-B3A0-F207099DB804}.Debug|x86.Build.0 = Debug|Win32
		{0E152B9E-D1EB-42D5-B3A0-F207099DB804}.Release|x64.ActiveCfg = Release|x64
		{0E152B9E-D1EB-42D5-B3A0-F207099DB804}.Release|x64.Build.0 = Release|x64
		{0E152B9E-D1EB-42D5-B3A0-F207099DB804}.Release|x86.ActiveCfg = Release|Win32
		{0E152B9E-D1EB-42D5-B3A0-F207099DB804}.Release|x86.Build.0 = Release|Win32
		{F5E03B38-18CD-4B12-AD0E-3485D70954A1}.Debug|x64.ActiveCfg = Debug|x64
		{F5E03B38-18CD-4B12-AD0E-3485D70954A1}.Debug|x64.Build.0 = Debug|x64
		{F5E03B38-18CD-4B12-AD0E-3485D70954A1}.Debug|x86.ActiveCfg = Debug|Win32
		{F5E03B38-18CD-4B12-AD0E-3485D70954A1}.Debug|x86.Build.0 = Debug|Win32
		{F5E03B38-18CD-4B12-AD0E-3485D70954A1}.Release|x64.ActiveCfg = Release|x64
		{F5E03B38-18CD-4B12-AD0E-3485D70954A1}.Release|x64.Build.0 = Release|x64
		{F5E03B38-18CD-4B12-AD0E-3485D70954A1}.Release|x86.ActiveCfg = Release|Win32
		{F5E03B38-18CD-4B12-AD0E-3485D70954A1}.Release|x86.Build.0 = Release|Win32
		{FE780381-E9B9-400B-AF54-8E257A8E22FE}.Debug|x64.ActiveCfg = Debug|x64
		{FE780381-E9B9-400B-AF54-8E257A8E22FE}.Debug|x64.Build.0 = Debug|x64
		{FE780381-E9B9-400B-AF54-8E257A8E22FE}.Debug|x86.ActiveCfg = Debug|Win32
		{FE780381-E9B9-400B-AF54-8E257A8E22FE}.Debug|x86.Build.0 = Debug|Win32
		{FE780381-E9B9-400B-AF54-8E257A8E22FE}.Release|x64.ActiveCfg = Release|x64
		{FE780381-E9B9-400B-AF54-8E257A8E22FE}.Release|x64.Build.0 = Release|x64
		{FE780381-E9B9-400B-AF54-8E257A8E22FE}.Release|x86.ActiveCfg = Release|Win32
		{FE780381-E9B9-400B-AF54-8E257A8E22FE}.Release|x86.Build.0 = Release|Win32
		{C2DB9453-4BE1-49C7-95A3-7D099B7EBAC4}.Debug|x64.ActiveCfg = Debug|x64
		{C2DB9453-4BE1-49C7-95A3-7D099B7EBAC4}.Debug|x64.Build.0 = Debug|x64
		{C2DB9453-4BE1-49C7-95A3-7D099B7EBAC4}.Debug|x86.ActiveCfg = Debug|Win32
		{C2DB9453-4BE1-49C7-95A3-7D099B7EBAC4}.Debug|x86.Build.0 = Debug|Win32
		{C2DB9453-4BE1-49C7-95A3-7D099B7EBAC4}.Release|x64.ActiveCfg = Release|x64
		{C2DB9453-4BE1-49C7-95A3-7D099B7EBAC4}.Release|x64.Build.0 = Release|x64
		{C2DB9453-4BE1-49C7-95A3-7D099B7EBAC4}.Release|x86.ActiveCfg = Release|Win32
		{C2DB9453-4BE1-49C7-95A3-7D099B7EBAC4}.Release|x86.Build.0 = Release|Win32
		{BEE58124-14B1-41D8-8ACD-C673D8DFEDDC}.Debug|x64.ActiveCfg = Debug|x64
		{BEE58124-14B1-41D8-8ACD-C673D8DFEDDC}.Debug|x64.Build.0 = Debug|x64
		{BEE58124-14B1-41D8-8ACD-C673D8DFEDDC}.Debug|x86.ActiveCfg = Debug|Win32
		{BEE58124-14B1-41D8-8ACD-C673D8DFEDDC}.Debug|x86.Build.0 = Debug|Win32
		{BEE58124-14B1-41D8-8ACD-C673D8DFEDDC}.Release|x64.ActiveCfg = Release|x64
		{BEE58124-14B1-41D8-8ACD-C673D8DFEDDC}.Release|x64.Build.0 = Release|x64
		{BEE58124-14B1-41D8-8ACD-C673D8DFEDDC}.Release|x86.ActiveCfg = Release|Win32
		{BEE58124-14B1-41D8-8ACD-C673D8DFEDDC}.Release|x86.Build.0 = Release|Win32
		{91595F01-2C42-4E8A-BC6F-888FF5E784F8}.Debug|x64.ActiveCfg = Debug|x64
		{91595F01-2C42-4E8A-BC6F-888FF5E784F8}.Debug|x64.Build.0 = Debug|x64
		{91595F01-2C42-4E8A-BC6F-888FF5E784F8}.Debug|x86.ActiveCfg = Debug|Win32
		{91595F01-2C42-4E8A-BC6F-888FF5E784F8}.Debug|x86.Build.0 = Debug|Win32
		{91595F01-2C42-4E8A-BC6F-888FF5E784F8}.Release|x64.ActiveCfg = Release|x64
		{91595F01-2C42-4E8A-BC6F-888FF5E784F8}.Release|x64.Build.0 = Release|x64
		{91595F01-2C42-4E8A-BC6F-888FF5E784F8}.Release|x86.ActiveCfg = Release|Win32
		{91595F01-2C42-4E8A-BC6F-888FF5E784F8}.Release|x86.Build.0 = Release|Win32
		{FAE6FF29-BEB4-455F-9062-A9DE54FA77F9}.Debug|x64.ActiveCfg = Debug|x64
		{FAE6FF29-BEB4-455F-9062-A9DE54FA77F9}.Debug|x64.Build.0 = Debug|x64
		{FAE6FF29-BEB4-455F-9062-A9DE54FA77F9}.Debug|x86.ActiveCfg = Debug|Win32
		{FAE6FF29-BEB4-455F-9062-A9DE54FA77F9}.Debug|x86.Build.0 = Debug|Win32
		{FAE6FF29-BEB4-455F-9062-A9DE54FA77F9}.Release|x64.ActiveCfg = Release|x64
		{FAE6FF29-BEB4-455F-9062-A9DE54FA77F9}.Release|x64.Build.0 = Release|x64
		{FAE6FF29-BEB4-455F-9062-A9DE54FA77F9}.Release|x86.ActiveCfg = Release|Win32
		{FAE6FF29-BEB4-455F-9062-A9DE54FA77F9}.Release|x86.Build.0 = Release|Win32
	EndGlobalSection
	GlobalSection(SolutionProperties) = preSolution
		HideSolutionNode = FALSE
	EndGlobalSection
	GlobalSection(NestedProjects) = preSolution
		{0F3D82BC-2DED-4F0B-AA09-CF0295F40EE2} = {C8D5274F-AC00-46C7-1F8D-E88E81087A52}
		{15A5DD82-4EBA-4E2B-A9E8-5E7475B966EA} = {C8D5274F-AC00-46C7-1F8D-E88E81087A52}
		{CAE8463B-D408-438F-A5DF-0FBDC1F20DC9} = {C8D5274F-AC00-46C7-1F8D-E88E81087A52}
		{626FA4D3-8197-4ECB-BD59-6BB25CE9411E} = {C8D5274F-AC00-46C7-1F8D-E88E81087A52}
		{0E152B9E-D1EB-42D5-B3A0-F207099DB804} = {C8D5274F-AC00-46C7-1F8D-E88E81087A52}
		{F5E03B38-18CD-4B12-AD0E-3485D70954A1} = {C8D5274F-AC00-46C7-1F8D-E88E81087A52}
		{FE780381-E9B9-400B-AF54-8E257A8E22FE} = {C8D5274F-AC00-46C7-1F8D-E88E81087A52}
		{C2DB9453-4BE1-49C7-95A3-7D099B7EBAC4} = {C8D5274F-AC00-46C7-1F8D-E88E81087A52}
		{BEE58124-14B1-41D8-8ACD-C673D8DFEDDC} = {C8D5274F-AC00-46C7-1F8D-E88E81087A52}
		{91595F01-2C42-4E8A-BC6F-888FF5E784F8} = {AFCB51E2-6AEC-4013-BF0B-92055A59163A}
		{FAE6FF29-BEB4-455F-9062-A9DE54FA77F9} = {A9027DAD-FFC8-4D0A-AF92-4FB5925BA297}
	EndGlobalSection
	GlobalSection(ExtensibilityGlobals) = postSolution
		SolutionGuid = {4123B5AB-3988-4568-A589-CE0988C79106}
	EndGlobalSection
EndGlobal
